// !$*UTF8*$!
{
	archiveVersion = 1;
	classes = {
	};
	objectVersion = 46;
	objects = {

/* Begin PBXBuildFile section */
		288AF5061AC332A70091E07E /* Resizable.swift in Sources */ = {isa = PBXBuildFile; fileRef = 288AF5051AC332A70091E07E /* Resizable.swift */; };
		4086833E1AB9BA63004568D4 /* BackgroundNode.swift in Sources */ = {isa = PBXBuildFile; fileRef = 4086833D1AB9BA63004568D4 /* BackgroundNode.swift */; };
		40BE963C1AC3040000B09393 /* EndScene.swift in Sources */ = {isa = PBXBuildFile; fileRef = 40BE963B1AC3040000B09393 /* EndScene.swift */; };
		40BE963E1AC30D9600B09393 /* ClickableLabel.swift in Sources */ = {isa = PBXBuildFile; fileRef = 40BE963D1AC30D9600B09393 /* ClickableLabel.swift */; };
		40DEA06C1AB9889700308FB0 /* AppDelegate.swift in Sources */ = {isa = PBXBuildFile; fileRef = 40DEA06B1AB9889700308FB0 /* AppDelegate.swift */; };
		40DEA06F1AB9889700308FB0 /* BouncingBall.xcdatamodeld in Sources */ = {isa = PBXBuildFile; fileRef = 40DEA06D1AB9889700308FB0 /* BouncingBall.xcdatamodeld */; };
		40DEA0711AB9889700308FB0 /* ViewController.swift in Sources */ = {isa = PBXBuildFile; fileRef = 40DEA0701AB9889700308FB0 /* ViewController.swift */; };
		40DEA0741AB9889700308FB0 /* Main.storyboard in Resources */ = {isa = PBXBuildFile; fileRef = 40DEA0721AB9889700308FB0 /* Main.storyboard */; };
		40DEA0761AB9889700308FB0 /* Images.xcassets in Resources */ = {isa = PBXBuildFile; fileRef = 40DEA0751AB9889700308FB0 /* Images.xcassets */; };
		40DEA0791AB9889700308FB0 /* LaunchScreen.xib in Resources */ = {isa = PBXBuildFile; fileRef = 40DEA0771AB9889700308FB0 /* LaunchScreen.xib */; };
		40DEA0851AB9889700308FB0 /* BouncingBallTests.swift in Sources */ = {isa = PBXBuildFile; fileRef = 40DEA0841AB9889700308FB0 /* BouncingBallTests.swift */; };
		40DEA08F1AB99AC900308FB0 /* GameScene.swift in Sources */ = {isa = PBXBuildFile; fileRef = 40DEA08E1AB99AC900308FB0 /* GameScene.swift */; };
/* End PBXBuildFile section */

/* Begin PBXContainerItemProxy section */
		40DEA07F1AB9889700308FB0 /* PBXContainerItemProxy */ = {
			isa = PBXContainerItemProxy;
			containerPortal = 40DEA05E1AB9889700308FB0 /* Project object */;
			proxyType = 1;
			remoteGlobalIDString = 40DEA0651AB9889700308FB0;
			remoteInfo = BouncingBall;
		};
/* End PBXContainerItemProxy section */

/* Begin PBXFileReference section */
		288AF5051AC332A70091E07E /* Resizable.swift */ = {isa = PBXFileReference; fileEncoding = 4; lastKnownFileType = sourcecode.swift; name = Resizable.swift; path = ../Resizable.swift; sourceTree = "<group>"; };
		4086833D1AB9BA63004568D4 /* BackgroundNode.swift */ = {isa = PBXFileReference; fileEncoding = 4; lastKnownFileType = sourcecode.swift; path = BackgroundNode.swift; sourceTree = "<group>"; };
		40BE963B1AC3040000B09393 /* EndScene.swift */ = {isa = PBXFileReference; fileEncoding = 4; lastKnownFileType = sourcecode.swift; path = EndScene.swift; sourceTree = "<group>"; };
		40BE963D1AC30D9600B09393 /* ClickableLabel.swift */ = {isa = PBXFileReference; fileEncoding = 4; lastKnownFileType = sourcecode.swift; path = ClickableLabel.swift; sourceTree = "<group>"; };
		40DEA0661AB9889700308FB0 /* BouncingBall.app */ = {isa = PBXFileReference; explicitFileType = wrapper.application; includeInIndex = 0; path = BouncingBall.app; sourceTree = BUILT_PRODUCTS_DIR; };
		40DEA06A1AB9889700308FB0 /* Info.plist */ = {isa = PBXFileReference; lastKnownFileType = text.plist.xml; path = Info.plist; sourceTree = "<group>"; };
		40DEA06B1AB9889700308FB0 /* AppDelegate.swift */ = {isa = PBXFileReference; lastKnownFileType = sourcecode.swift; path = AppDelegate.swift; sourceTree = "<group>"; };
		40DEA06E1AB9889700308FB0 /* BouncingBall.xcdatamodel */ = {isa = PBXFileReference; lastKnownFileType = wrapper.xcdatamodel; path = BouncingBall.xcdatamodel; sourceTree = "<group>"; };
		40DEA0701AB9889700308FB0 /* ViewController.swift */ = {isa = PBXFileReference; lastKnownFileType = sourcecode.swift; path = ViewController.swift; sourceTree = "<group>"; };
		40DEA0731AB9889700308FB0 /* Base */ = {isa = PBXFileReference; lastKnownFileType = file.storyboard; name = Base; path = Base.lproj/Main.storyboard; sourceTree = "<group>"; };
		40DEA0751AB9889700308FB0 /* Images.xcassets */ = {isa = PBXFileReference; lastKnownFileType = folder.assetcatalog; path = Images.xcassets; sourceTree = "<group>"; };
		40DEA0781AB9889700308FB0 /* Base */ = {isa = PBXFileReference; lastKnownFileType = file.xib; name = Base; path = Base.lproj/LaunchScreen.xib; sourceTree = "<group>"; };
		40DEA07E1AB9889700308FB0 /* BouncingBallTests.xctest */ = {isa = PBXFileReference; explicitFileType = wrapper.cfbundle; includeInIndex = 0; path = BouncingBallTests.xctest; sourceTree = BUILT_PRODUCTS_DIR; };
		40DEA0831AB9889700308FB0 /* Info.plist */ = {isa = PBXFileReference; lastKnownFileType = text.plist.xml; path = Info.plist; sourceTree = "<group>"; };
		40DEA0841AB9889700308FB0 /* BouncingBallTests.swift */ = {isa = PBXFileReference; lastKnownFileType = sourcecode.swift; path = BouncingBallTests.swift; sourceTree = "<group>"; };
		40DEA08E1AB99AC900308FB0 /* GameScene.swift */ = {isa = PBXFileReference; fileEncoding = 4; lastKnownFileType = sourcecode.swift; path = GameScene.swift; sourceTree = "<group>"; };
/* End PBXFileReference section */

/* Begin PBXFrameworksBuildPhase section */
		40DEA0631AB9889700308FB0 /* Frameworks */ = {
			isa = PBXFrameworksBuildPhase;
			buildActionMask = 2147483647;
			files = (
			);
			runOnlyForDeploymentPostprocessing = 0;
		};
		40DEA07B1AB9889700308FB0 /* Frameworks */ = {
			isa = PBXFrameworksBuildPhase;
			buildActionMask = 2147483647;
			files = (
			);
			runOnlyForDeploymentPostprocessing = 0;
		};
/* End PBXFrameworksBuildPhase section */

/* Begin PBXGroup section */
		288AF5071AC332DC0091E07E /* Scenes */ = {
			isa = PBXGroup;
			children = (
				288AF5051AC332A70091E07E /* Resizable.swift */,
				40DEA08E1AB99AC900308FB0 /* GameScene.swift */,
				40BE963B1AC3040000B09393 /* EndScene.swift */,
			);
			name = Scenes;
			sourceTree = "<group>";
		};
		288AF5081AC332F10091E07E /* Nodes */ = {
			isa = PBXGroup;
			children = (
				4086833D1AB9BA63004568D4 /* BackgroundNode.swift */,
				40BE963D1AC30D9600B09393 /* ClickableLabel.swift */,
			);
			name = Nodes;
			sourceTree = "<group>";
		};
		40DEA05D1AB9889700308FB0 = {
			isa = PBXGroup;
			children = (
				40DEA0681AB9889700308FB0 /* BouncingBall */,
				40DEA0811AB9889700308FB0 /* BouncingBallTests */,
				40DEA0671AB9889700308FB0 /* Products */,
			);
			sourceTree = "<group>";
		};
		40DEA0671AB9889700308FB0 /* Products */ = {
			isa = PBXGroup;
			children = (
				40DEA0661AB9889700308FB0 /* BouncingBall.app */,
				40DEA07E1AB9889700308FB0 /* BouncingBallTests.xctest */,
			);
			name = Products;
			sourceTree = "<group>";
		};
		40DEA0681AB9889700308FB0 /* BouncingBall */ = {
			isa = PBXGroup;
			children = (
				288AF5081AC332F10091E07E /* Nodes */,
				288AF5071AC332DC0091E07E /* Scenes */,
				40DEA0691AB9889700308FB0 /* Supporting Files */,
				40DEA0701AB9889700308FB0 /* ViewController.swift */,
				40DEA0721AB9889700308FB0 /* Main.storyboard */,
			);
			path = BouncingBall;
			sourceTree = "<group>";
		};
		40DEA0691AB9889700308FB0 /* Supporting Files */ = {
			isa = PBXGroup;
			children = (
				40DEA06B1AB9889700308FB0 /* AppDelegate.swift */,
				40DEA0751AB9889700308FB0 /* Images.xcassets */,
				40DEA06D1AB9889700308FB0 /* BouncingBall.xcdatamodeld */,
				40DEA0771AB9889700308FB0 /* LaunchScreen.xib */,
				40DEA06A1AB9889700308FB0 /* Info.plist */,
			);
			name = "Supporting Files";
			sourceTree = "<group>";
		};
		40DEA0811AB9889700308FB0 /* BouncingBallTests */ = {
			isa = PBXGroup;
			children = (
				40DEA0841AB9889700308FB0 /* BouncingBallTests.swift */,
				40DEA0821AB9889700308FB0 /* Supporting Files */,
			);
			path = BouncingBallTests;
			sourceTree = "<group>";
		};
		40DEA0821AB9889700308FB0 /* Supporting Files */ = {
			isa = PBXGroup;
			children = (
				40DEA0831AB9889700308FB0 /* Info.plist */,
			);
			name = "Supporting Files";
			sourceTree = "<group>";
		};
/* End PBXGroup section */

/* Begin PBXNativeTarget section */
		40DEA0651AB9889700308FB0 /* BouncingBall */ = {
			isa = PBXNativeTarget;
			buildConfigurationList = 40DEA0881AB9889700308FB0 /* Build configuration list for PBXNativeTarget "BouncingBall" */;
			buildPhases = (
				40DEA0621AB9889700308FB0 /* Sources */,
				40DEA0631AB9889700308FB0 /* Frameworks */,
				40DEA0641AB9889700308FB0 /* Resources */,
			);
			buildRules = (
			);
			dependencies = (
			);
			name = BouncingBall;
			productName = BouncingBall;
			productReference = 40DEA0661AB9889700308FB0 /* BouncingBall.app */;
			productType = "com.apple.product-type.application";
		};
		40DEA07D1AB9889700308FB0 /* BouncingBallTests */ = {
			isa = PBXNativeTarget;
			buildConfigurationList = 40DEA08B1AB9889700308FB0 /* Build configuration list for PBXNativeTarget "BouncingBallTests" */;
			buildPhases = (
				40DEA07A1AB9889700308FB0 /* Sources */,
				40DEA07B1AB9889700308FB0 /* Frameworks */,
				40DEA07C1AB9889700308FB0 /* Resources */,
			);
			buildRules = (
			);
			dependencies = (
				40DEA0801AB9889700308FB0 /* PBXTargetDependency */,
			);
			name = BouncingBallTests;
			productName = BouncingBallTests;
			productReference = 40DEA07E1AB9889700308FB0 /* BouncingBallTests.xctest */;
			productType = "com.apple.product-type.bundle.unit-test";
		};
/* End PBXNativeTarget section */

/* Begin PBXProject section */
		40DEA05E1AB9889700308FB0 /* Project object */ = {
			isa = PBXProject;
			attributes = {
				LastUpgradeCheck = 0620;
				ORGANIZATIONNAME = "Simas Abramovas";
				TargetAttributes = {
					40DEA0651AB9889700308FB0 = {
						CreatedOnToolsVersion = 6.2;
					};
					40DEA07D1AB9889700308FB0 = {
						CreatedOnToolsVersion = 6.2;
						TestTargetID = 40DEA0651AB9889700308FB0;
					};
				};
			};
			buildConfigurationList = 40DEA0611AB9889700308FB0 /* Build configuration list for PBXProject "BouncingBall" */;
			compatibilityVersion = "Xcode 3.2";
			developmentRegion = English;
			hasScannedForEncodings = 0;
			knownRegions = (
				en,
				Base,
			);
			mainGroup = 40DEA05D1AB9889700308FB0;
			productRefGroup = 40DEA0671AB9889700308FB0 /* Products */;
			projectDirPath = "";
			projectRoot = "";
			targets = (
				40DEA0651AB9889700308FB0 /* BouncingBall */,
				40DEA07D1AB9889700308FB0 /* BouncingBallTests */,
			);
		};
/* End PBXProject section */

/* Begin PBXResourcesBuildPhase section */
		40DEA0641AB9889700308FB0 /* Resources */ = {
			isa = PBXResourcesBuildPhase;
			buildActionMask = 2147483647;
			files = (
				40DEA0741AB9889700308FB0 /* Main.storyboard in Resources */,
				40DEA0791AB9889700308FB0 /* LaunchScreen.xib in Resources */,
				40DEA0761AB9889700308FB0 /* Images.xcassets in Resources */,
			);
			runOnlyForDeploymentPostprocessing = 0;
		};
		40DEA07C1AB9889700308FB0 /* Resources */ = {
			isa = PBXResourcesBuildPhase;
			buildActionMask = 2147483647;
			files = (
			);
			runOnlyForDeploymentPostprocessing = 0;
		};
/* End PBXResourcesBuildPhase section */

/* Begin PBXSourcesBuildPhase section */
		40DEA0621AB9889700308FB0 /* Sources */ = {
			isa = PBXSourcesBuildPhase;
			buildActionMask = 2147483647;
			files = (
				40BE963C1AC3040000B09393 /* EndScene.swift in Sources */,
				40DEA0711AB9889700308FB0 /* ViewController.swift in Sources */,
				40DEA08F1AB99AC900308FB0 /* GameScene.swift in Sources */,
				40DEA06C1AB9889700308FB0 /* AppDelegate.swift in Sources */,
				40DEA06F1AB9889700308FB0 /* BouncingBall.xcdatamodeld in Sources */,
				40BE963E1AC30D9600B09393 /* ClickableLabel.swift in Sources */,
				288AF5061AC332A70091E07E /* Resizable.swift in Sources */,
				4086833E1AB9BA63004568D4 /* BackgroundNode.swift in Sources */,
			);
			runOnlyForDeploymentPostprocessing = 0;
		};
		40DEA07A1AB9889700308FB0 /* Sources */ = {
			isa = PBXSourcesBuildPhase;
			buildActionMask = 2147483647;
			files = (
				40DEA0851AB9889700308FB0 /* BouncingBallTests.swift in Sources */,
			);
			runOnlyForDeploymentPostprocessing = 0;
		};
/* End PBXSourcesBuildPhase section */

/* Begin PBXTargetDependency section */
		40DEA0801AB9889700308FB0 /* PBXTargetDependency */ = {
			isa = PBXTargetDependency;
			target = 40DEA0651AB9889700308FB0 /* BouncingBall */;
			targetProxy = 40DEA07F1AB9889700308FB0 /* PBXContainerItemProxy */;
		};
/* End PBXTargetDependency section */

/* Begin PBXVariantGroup section */
		40DEA0721AB9889700308FB0 /* Main.storyboard */ = {
			isa = PBXVariantGroup;
			children = (
				40DEA0731AB9889700308FB0 /* Base */,
			);
			name = Main.storyboard;
			sourceTree = "<group>";
		};
		40DEA0771AB9889700308FB0 /* LaunchScreen.xib */ = {
			isa = PBXVariantGroup;
			children = (
				40DEA0781AB9889700308FB0 /* Base */,
			);
			name = LaunchScreen.xib;
			sourceTree = "<group>";
		};
/* End PBXVariantGroup section */

/* Begin XCBuildConfiguration section */
		40DEA0861AB9889700308FB0 /* Debug */ = {
			isa = XCBuildConfiguration;
			buildSettings = {
				ALWAYS_SEARCH_USER_PATHS = NO;
				CLANG_CXX_LANGUAGE_STANDARD = "gnu++0x";
				CLANG_CXX_LIBRARY = "libc++";
				CLANG_ENABLE_MODULES = YES;
				CLANG_ENABLE_OBJC_ARC = YES;
				CLANG_WARN_BOOL_CONVERSION = YES;
				CLANG_WARN_CONSTANT_CONVERSION = YES;
				CLANG_WARN_DIRECT_OBJC_ISA_USAGE = YES_ERROR;
				CLANG_WARN_EMPTY_BODY = YES;
				CLANG_WARN_ENUM_CONVERSION = YES;
				CLANG_WARN_INT_CONVERSION = YES;
				CLANG_WARN_OBJC_ROOT_CLASS = YES_ERROR;
				CLANG_WARN_UNREACHABLE_CODE = YES;
				CLANG_WARN__DUPLICATE_METHOD_MATCH = YES;
				"CODE_SIGN_IDENTITY[sdk=iphoneos*]" = "iPhone Developer";
				COPY_PHASE_STRIP = NO;
				ENABLE_STRICT_OBJC_MSGSEND = YES;
				GCC_C_LANGUAGE_STANDARD = gnu99;
				GCC_DYNAMIC_NO_PIC = NO;
				GCC_OPTIMIZATION_LEVEL = 0;
				GCC_PREPROCESSOR_DEFINITIONS = (
					"DEBUG=1",
					"$(inherited)",
				);
				GCC_SYMBOLS_PRIVATE_EXTERN = NO;
				GCC_WARN_64_TO_32_BIT_CONVERSION = YES;
				GCC_WARN_ABOUT_RETURN_TYPE = YES_ERROR;
				GCC_WARN_UNDECLARED_SELECTOR = YES;
				GCC_WARN_UNINITIALIZED_AUTOS = YES_AGGRESSIVE;
				GCC_WARN_UNUSED_FUNCTION = YES;
				GCC_WARN_UNUSED_VARIABLE = YES;
				IPHONEOS_DEPLOYMENT_TARGET = 8.2;
				MTL_ENABLE_DEBUG_INFO = YES;
				ONLY_ACTIVE_ARCH = YES;
				SDKROOT = iphoneos;
				SWIFT_OPTIMIZATION_LEVEL = "-Onone";
				TARGETED_DEVICE_FAMILY = "1,2";
			};
			name = Debug;
		};
		40DEA0871AB9889700308FB0 /* Release */ = {
			isa = XCBuildConfiguration;
			buildSettings = {
				ALWAYS_SEARCH_USER_PATHS = NO;
				CLANG_CXX_LANGUAGE_STANDARD = "gnu++0x";
				CLANG_CXX_LIBRARY = "libc++";
				CLANG_ENABLE_MODULES = YES;
				CLANG_ENABLE_OBJC_ARC = YES;
				CLANG_WARN_BOOL_CONVERSION = YES;
				CLANG_WARN_CONSTANT_CONVERSION = YES;
				CLANG_WARN_DIRECT_OBJC_ISA_USAGE = YES_ERROR;
				CLANG_WARN_EMPTY_BODY = YES;
				CLANG_WARN_ENUM_CONVERSION = YES;
				CLANG_WARN_INT_CONVERSION = YES;
				CLANG_WARN_OBJC_ROOT_CLASS = YES_ERROR;
				CLANG_WARN_UNREACHABLE_CODE = YES;
				CLANG_WARN__DUPLICATE_METHOD_MATCH = YES;
				"CODE_SIGN_IDENTITY[sdk=iphoneos*]" = "iPhone Developer";
				COPY_PHASE_STRIP = NO;
				ENABLE_NS_ASSERTIONS = NO;
				ENABLE_STRICT_OBJC_MSGSEND = YES;
				GCC_C_LANGUAGE_STANDARD = gnu99;
				GCC_WARN_64_TO_32_BIT_CONVERSION = YES;
				GCC_WARN_ABOUT_RETURN_TYPE = YES_ERROR;
				GCC_WARN_UNDECLARED_SELECTOR = YES;
				GCC_WARN_UNINITIALIZED_AUTOS = YES_AGGRESSIVE;
				GCC_WARN_UNUSED_FUNCTION = YES;
				GCC_WARN_UNUSED_VARIABLE = YES;
				IPHONEOS_DEPLOYMENT_TARGET = 8.2;
				MTL_ENABLE_DEBUG_INFO = NO;
				SDKROOT = iphoneos;
				TARGETED_DEVICE_FAMILY = "1,2";
				VALIDATE_PRODUCT = YES;
			};
			name = Release;
		};
		40DEA0891AB9889700308FB0 /* Debug */ = {
			isa = XCBuildConfiguration;
			buildSettings = {
				ASSETCATALOG_COMPILER_APPICON_NAME = AppIcon;
				INFOPLIST_FILE = BouncingBall/Info.plist;
				LD_RUNPATH_SEARCH_PATHS = "$(inherited) @executable_path/Frameworks";
				PRODUCT_NAME = "$(TARGET_NAME)";
			};
			name = Debug;
		};
		40DEA08A1AB9889700308FB0 /* Release */ = {
			isa = XCBuildConfiguration;
			buildSettings = {
				ASSETCATALOG_COMPILER_APPICON_NAME = AppIcon;
				INFOPLIST_FILE = BouncingBall/Info.plist;
				LD_RUNPATH_SEARCH_PATHS = "$(inherited) @executable_path/Frameworks";
				PRODUCT_NAME = "$(TARGET_NAME)";
			};
			name = Release;
		};
		40DEA08C1AB9889700308FB0 /* Debug */ = {
			isa = XCBuildConfiguration;
			buildSettings = {
				BUNDLE_LOADER = "$(TEST_HOST)";
				FRAMEWORK_SEARCH_PATHS = (
					"$(SDKROOT)/Developer/Library/Frameworks",
					"$(inherited)",
				);
				GCC_PREPROCESSOR_DEFINITIONS = (
					"DEBUG=1",
					"$(inherited)",
				);
				INFOPLIST_FILE = BouncingBallTests/Info.plist;
				LD_RUNPATH_SEARCH_PATHS = "$(inherited) @executable_path/Frameworks @loader_path/Frameworks";
				PRODUCT_NAME = "$(TARGET_NAME)";
				TEST_HOST = "$(BUILT_PRODUCTS_DIR)/BouncingBall.app/BouncingBall";
			};
			name = Debug;
		};
		40DEA08D1AB9889700308FB0 /* Release */ = {
			isa = XCBuildConfiguration;
			buildSettings = {
				BUNDLE_LOADER = "$(TEST_HOST)";
				FRAMEWORK_SEARCH_PATHS = (
					"$(SDKROOT)/Developer/Library/Frameworks",
					"$(inherited)",
				);
				INFOPLIST_FILE = BouncingBallTests/Info.plist;
				LD_RUNPATH_SEARCH_PATHS = "$(inherited) @executable_path/Frameworks @loader_path/Frameworks";
				PRODUCT_NAME = "$(TARGET_NAME)";
				TEST_HOST = "$(BUILT_PRODUCTS_DIR)/BouncingBall.app/BouncingBall";
			};
			name = Release;
		};
/* End XCBuildConfiguration section */

/* Begin XCConfigurationList section */
		40DEA0611AB9889700308FB0 /* Build configuration list for PBXProject "BouncingBall" */ = {
			isa = XCConfigurationList;
			buildConfigurations = (
				40DEA0861AB9889700308FB0 /* Debug */,
				40DEA0871AB9889700308FB0 /* Release */,
			);
			defaultConfigurationIsVisible = 0;
			defaultConfigurationName = Release;
		};
		40DEA0881AB9889700308FB0 /* Build configuration list for PBXNativeTarget "BouncingBall" */ = {
			isa = XCConfigurationList;
			buildConfigurations = (
				40DEA0891AB9889700308FB0 /* Debug */,
				40DEA08A1AB9889700308FB0 /* Release */,
			);
			defaultConfigurationIsVisible = 0;
			defaultConfigurationName = Release;
		};
		40DEA08B1AB9889700308FB0 /* Build configuration list for PBXNativeTarget "BouncingBallTests" */ = {
			isa = XCConfigurationList;
			buildConfigurations = (
				40DEA08C1AB9889700308FB0 /* Debug */,
				40DEA08D1AB9889700308FB0 /* Release */,
			);
			defaultConfigurationIsVisible = 0;
			defaultConfigurationName = Release;
		};
/* End XCConfigurationList section */

/* Begin XCVersionGroup section */
		40DEA06D1AB9889700308FB0 /* BouncingBall.xcdatamodeld */ = {
			isa = XCVersionGroup;
			children = (
				40DEA06E1AB9889700308FB0 /* BouncingBall.xcdatamodel */,
			);
			currentVersion = 40DEA06E1AB9889700308FB0 /* BouncingBall.xcdatamodel */;
			path = BouncingBall.xcdatamodeld;
			sourceTree = "<group>";
			versionGroupType = wrapper.xcdatamodel;
		};
/* End XCVersionGroup section */
	};
	rootObject = 40DEA05E1AB9889700308FB0 /* Project object */;
}
